
Microsoft Visual Studio Solution File, Format Version 12.00
# Visual Studio Version 16
VisualStudioVersion = 16.0.29001.49
MinimumVisualStudioVersion = 10.0.40219.1
Project("{FAE04EC0-301F-11D3-BF4B-00C04F79EFBC}") = "Thread_Demo", "Thread_Demo\Thread_Demo.csproj", "{509211F2-6251-411B-85ED-DF08E420839B}"
EndProject
Global
	GlobalSection(SolutionConfigurationPlatforms) = preSolution
		Debug|Any CPU = Debug|Any CPU
		Release|Any CPU = Release|Any CPU
	EndGlobalSection
	GlobalSection(ProjectConfigurationPlatforms) = postSolution
		{509211F2-6251-411B-85ED-DF08E420839B}.Debug|Any CPU.ActiveCfg = Debug|Any CPU
		{509211F2-6251-411B-85ED-DF08E420839B}.Debug|Any CPU.Build.0 = Debug|Any CPU
		{509211F2-6251-411B-85ED-DF08E420839B}.Release|Any CPU.ActiveCfg = Release|Any CPU
		{509211F2-6251-411B-85ED-DF08E420839B}.Release|Any CPU.Build.0 = Release|Any CPU
	EndGlobalSection
	GlobalSection(SolutionProperties) = preSolution
		HideSolutionNode = FALSE
	EndGlobalSection
	GlobalSection(ExtensibilityGlobals) = postSolution
		SolutionGuid = {0C13E02D-EBC0-410D-912F-D863400637CA}
	EndGlobalSection
EndGlobal
