
Microsoft Visual Studio Solution File, Format Version 12.00
# Visual Studio Version 16
VisualStudioVersion = 16.0.29001.49
MinimumVisualStudioVersion = 10.0.40219.1
Project("{FAE04EC0-301F-11D3-BF4B-00C04F79EFBC}") = "Reflection_Demo", "Reflection_Demo\Reflection_Demo.csproj", "{0FC9E13C-DDCD-4E6D-AC67-C7AD054BF8C6}"
EndProject
Project("{FAE04EC0-301F-11D3-BF4B-00C04F79EFBC}") = "MeineLib", "MeineLib\MeineLib.csproj", "{CDF615DE-6E2F-48A5-81CE-AD25B2BC87EE}"
EndProject
Project("{FAE04EC0-301F-11D3-BF4B-00C04F79EFBC}") = "MeineLib_TrumpEdition", "MeineLib_TrumpEdition\MeineLib_TrumpEdition.csproj", "{9F84F484-D6AC-4103-8BD8-ADDB9A169023}"
EndProject
Global
	GlobalSection(SolutionConfigurationPlatforms) = preSolution
		Debug|Any CPU = Debug|Any CPU
		Release|Any CPU = Release|Any CPU
	EndGlobalSection
	GlobalSection(ProjectConfigurationPlatforms) = postSolution
		{0FC9E13C-DDCD-4E6D-AC67-C7AD054BF8C6}.Debug|Any CPU.ActiveCfg = Debug|Any CPU
		{0FC9E13C-DDCD-4E6D-AC67-C7AD054BF8C6}.Debug|Any CPU.Build.0 = Debug|Any CPU
		{0FC9E13C-DDCD-4E6D-AC67-C7AD054BF8C6}.Release|Any CPU.ActiveCfg = Release|Any CPU
		{0FC9E13C-DDCD-4E6D-AC67-C7AD054BF8C6}.Release|Any CPU.Build.0 = Release|Any CPU
		{CDF615DE-6E2F-48A5-81CE-AD25B2BC87EE}.Debug|Any CPU.ActiveCfg = Debug|Any CPU
		{CDF615DE-6E2F-48A5-81CE-AD25B2BC87EE}.Debug|Any CPU.Build.0 = Debug|Any CPU
		{CDF615DE-6E2F-48A5-81CE-AD25B2BC87EE}.Release|Any CPU.ActiveCfg = Release|Any CPU
		{CDF615DE-6E2F-48A5-81CE-AD25B2BC87EE}.Release|Any CPU.Build.0 = Release|Any CPU
		{9F84F484-D6AC-4103-8BD8-ADDB9A169023}.Debug|Any CPU.ActiveCfg = Debug|Any CPU
		{9F84F484-D6AC-4103-8BD8-ADDB9A169023}.Debug|Any CPU.Build.0 = Debug|Any CPU
		{9F84F484-D6AC-4103-8BD8-ADDB9A169023}.Release|Any CPU.ActiveCfg = Release|Any CPU
		{9F84F484-D6AC-4103-8BD8-ADDB9A169023}.Release|Any CPU.Build.0 = Release|Any CPU
	EndGlobalSection
	GlobalSection(SolutionProperties) = preSolution
		HideSolutionNode = FALSE
	EndGlobalSection
	GlobalSection(ExtensibilityGlobals) = postSolution
		SolutionGuid = {1589AF26-BD32-42AD-828B-DF64EE55302B}
	EndGlobalSection
EndGlobal
