
Microsoft Visual Studio Solution File, Format Version 12.00
# Visual Studio Version 16
VisualStudioVersion = 16.0.29001.49
MinimumVisualStudioVersion = 10.0.40219.1
Project("{FAE04EC0-301F-11D3-BF4B-00C04F79EFBC}") = "LINQ_Demo", "LINQ_Demo\LINQ_Demo.csproj", "{C9A06897-3A22-4994-93CE-7EEAC5E9A633}"
EndProject
Global
	GlobalSection(SolutionConfigurationPlatforms) = preSolution
		Debug|Any CPU = Debug|Any CPU
		Release|Any CPU = Release|Any CPU
	EndGlobalSection
	GlobalSection(ProjectConfigurationPlatforms) = postSolution
		{C9A06897-3A22-4994-93CE-7EEAC5E9A633}.Debug|Any CPU.ActiveCfg = Debug|Any CPU
		{C9A06897-3A22-4994-93CE-7EEAC5E9A633}.Debug|Any CPU.Build.0 = Debug|Any CPU
		{C9A06897-3A22-4994-93CE-7EEAC5E9A633}.Release|Any CPU.ActiveCfg = Release|Any CPU
		{C9A06897-3A22-4994-93CE-7EEAC5E9A633}.Release|Any CPU.Build.0 = Release|Any CPU
	EndGlobalSection
	GlobalSection(SolutionProperties) = preSolution
		HideSolutionNode = FALSE
	EndGlobalSection
	GlobalSection(ExtensibilityGlobals) = postSolution
		SolutionGuid = {CD6140FC-64A5-4000-AE5F-9432DCFA7EBA}
	EndGlobalSection
EndGlobal
